// !$*UTF8*$!
{
	archiveVersion = 1;
	classes = {
	};
	objectVersion = 46;
	objects = {

/* Begin PBXBuildFile section */
		6335A92717261BC9007C1508 /* Parse.framework in Frameworks */ = {isa = PBXBuildFile; fileRef = 6335A92617261BC9007C1508 /* Parse.framework */; };
		6335A92917261C14007C1508 /* AudioToolbox.framework in Frameworks */ = {isa = PBXBuildFile; fileRef = 6335A92817261C14007C1508 /* AudioToolbox.framework */; };
		6335A92B17261C21007C1508 /* CFNetwork.framework in Frameworks */ = {isa = PBXBuildFile; fileRef = 6335A92A17261C21007C1508 /* CFNetwork.framework */; };
		6335A92D17261C55007C1508 /* libz.1.1.3.dylib in Frameworks */ = {isa = PBXBuildFile; fileRef = 6335A92C17261C55007C1508 /* libz.1.1.3.dylib */; };
		6335A92F17261C63007C1508 /* MobileCoreServices.framework in Frameworks */ = {isa = PBXBuildFile; fileRef = 6335A92E17261C63007C1508 /* MobileCoreServices.framework */; };
		6335A93117261C71007C1508 /* QuartzCore.framework in Frameworks */ = {isa = PBXBuildFile; fileRef = 6335A93017261C71007C1508 /* QuartzCore.framework */; };
		6335A93317261C82007C1508 /* Security.framework in Frameworks */ = {isa = PBXBuildFile; fileRef = 6335A93217261C82007C1508 /* Security.framework */; };
		6335A93517261C8C007C1508 /* StoreKit.framework in Frameworks */ = {isa = PBXBuildFile; fileRef = 6335A93417261C8C007C1508 /* StoreKit.framework */; };
		6335A93717261C9D007C1508 /* SystemConfiguration.framework in Frameworks */ = {isa = PBXBuildFile; fileRef = 6335A93617261C9D007C1508 /* SystemConfiguration.framework */; };
		6335A93D17275666007C1508 /* iconSmall.png in Resources */ = {isa = PBXBuildFile; fileRef = 6335A93C17275666007C1508 /* iconSmall.png */; };
		6335A93F1727566E007C1508 /* iconBig.png in Resources */ = {isa = PBXBuildFile; fileRef = 6335A93E1727566E007C1508 /* iconBig.png */; };
		638C5B251722BB8100A44D71 /* UIKit.framework in Frameworks */ = {isa = PBXBuildFile; fileRef = 638C5B241722BB8100A44D71 /* UIKit.framework */; };
		638C5B271722BB8100A44D71 /* Foundation.framework in Frameworks */ = {isa = PBXBuildFile; fileRef = 638C5B261722BB8100A44D71 /* Foundation.framework */; };
		638C5B291722BB8100A44D71 /* CoreGraphics.framework in Frameworks */ = {isa = PBXBuildFile; fileRef = 638C5B281722BB8100A44D71 /* CoreGraphics.framework */; };
		638C5B2F1722BB8100A44D71 /* InfoPlist.strings in Resources */ = {isa = PBXBuildFile; fileRef = 638C5B2D1722BB8100A44D71 /* InfoPlist.strings */; };
		638C5B311722BB8100A44D71 /* main.m in Sources */ = {isa = PBXBuildFile; fileRef = 638C5B301722BB8100A44D71 /* main.m */; };
		638C5B351722BB8100A44D71 /* HWMAppDelegate.m in Sources */ = {isa = PBXBuildFile; fileRef = 638C5B341722BB8100A44D71 /* HWMAppDelegate.m */; };
		638C5B371722BB8100A44D71 /* Default.png in Resources */ = {isa = PBXBuildFile; fileRef = 638C5B361722BB8100A44D71 /* Default.png */; };
		638C5B391722BB8100A44D71 /* Default@2x.png in Resources */ = {isa = PBXBuildFile; fileRef = 638C5B381722BB8100A44D71 /* Default@2x.png */; };
		638C5B3B1722BB8100A44D71 /* Default-568h@2x.png in Resources */ = {isa = PBXBuildFile; fileRef = 638C5B3A1722BB8100A44D71 /* Default-568h@2x.png */; };
		638C5B3E1722BB8100A44D71 /* HWMViewController.m in Sources */ = {isa = PBXBuildFile; fileRef = 638C5B3D1722BB8100A44D71 /* HWMViewController.m */; };
		638C5B411722BB8100A44D71 /* HWMViewController.xib in Resources */ = {isa = PBXBuildFile; fileRef = 638C5B3F1722BB8100A44D71 /* HWMViewController.xib */; };
		638C5B481722BBBA00A44D71 /* Social.framework in Frameworks */ = {isa = PBXBuildFile; fileRef = 638C5B471722BBBA00A44D71 /* Social.framework */; };
		638C5B4A1722BBEA00A44D71 /* iAd.framework in Frameworks */ = {isa = PBXBuildFile; fileRef = 638C5B491722BBEA00A44D71 /* iAd.framework */; };
		638C5B4C1722BBF200A44D71 /* AdSupport.framework in Frameworks */ = {isa = PBXBuildFile; fileRef = 638C5B4B1722BBF200A44D71 /* AdSupport.framework */; };
		638C5B4E1722BC0C00A44D71 /* CoreLocation.framework in Frameworks */ = {isa = PBXBuildFile; fileRef = 638C5B4D1722BC0C00A44D71 /* CoreLocation.framework */; };
		63B2B8681723236D00264B63 /* HWMHomeViewController.m in Sources */ = {isa = PBXBuildFile; fileRef = 63B2B8661723236D00264B63 /* HWMHomeViewController.m */; };
		63B2B8691723236D00264B63 /* HWMHomeViewController.xib in Resources */ = {isa = PBXBuildFile; fileRef = 63B2B8671723236D00264B63 /* HWMHomeViewController.xib */; };
		63B2B86D172323D200264B63 /* HWMLeftViewController.m in Sources */ = {isa = PBXBuildFile; fileRef = 63B2B86B172323D200264B63 /* HWMLeftViewController.m */; };
		63B2B86E172323D200264B63 /* HWMLeftViewController.xib in Resources */ = {isa = PBXBuildFile; fileRef = 63B2B86C172323D200264B63 /* HWMLeftViewController.xib */; };
		63B2B872172323DF00264B63 /* HWMRightViewController.m in Sources */ = {isa = PBXBuildFile; fileRef = 63B2B870172323DF00264B63 /* HWMRightViewController.m */; };
		63B2B873172323DF00264B63 /* HWMRightViewController.xib in Resources */ = {isa = PBXBuildFile; fileRef = 63B2B871172323DF00264B63 /* HWMRightViewController.xib */; };
		63B2B87517232D3F00264B63 /* CoreData.framework in Frameworks */ = {isa = PBXBuildFile; fileRef = 63B2B87417232D3F00264B63 /* CoreData.framework */; };
		63EA4C261728AFE900DE0A97 /* HowWeMetAPI.m in Sources */ = {isa = PBXBuildFile; fileRef = 63EA4C251728AFE900DE0A97 /* HowWeMetAPI.m */; };
		63EA4C2A1728C10D00DE0A97 /* HWMGrayButton.m in Sources */ = {isa = PBXBuildFile; fileRef = 63EA4C291728C10D00DE0A97 /* HWMGrayButton.m */; };
		63EA4C2D1728C40500DE0A97 /* bigGrayButton.png in Resources */ = {isa = PBXBuildFile; fileRef = 63EA4C2B1728C40500DE0A97 /* bigGrayButton.png */; };
		63EA4C2E1728C40500DE0A97 /* bigGrayButton@2x.png in Resources */ = {isa = PBXBuildFile; fileRef = 63EA4C2C1728C40500DE0A97 /* bigGrayButton@2x.png */; };
		63EA4C3C172A01CA00DE0A97 /* DejalActivityView.m in Sources */ = {isa = PBXBuildFile; fileRef = 63EA4C30172A01C900DE0A97 /* DejalActivityView.m */; };
		63EA4C3D172A01CA00DE0A97 /* EGOImageButton.m in Sources */ = {isa = PBXBuildFile; fileRef = 63EA4C33172A01CA00DE0A97 /* EGOImageButton.m */; settings = {COMPILER_FLAGS = "-fno-objc-arc"; }; };
		63EA4C3E172A01CA00DE0A97 /* EGOImageLoadConnection.m in Sources */ = {isa = PBXBuildFile; fileRef = 63EA4C36172A01CA00DE0A97 /* EGOImageLoadConnection.m */; settings = {COMPILER_FLAGS = "-fno-objc-arc"; }; };
		63EA4C3F172A01CA00DE0A97 /* EGOImageLoader.m in Sources */ = {isa = PBXBuildFile; fileRef = 63EA4C38172A01CA00DE0A97 /* EGOImageLoader.m */; settings = {COMPILER_FLAGS = "-fno-objc-arc"; }; };
		63EA4C40172A01CA00DE0A97 /* EGOImageView.m in Sources */ = {isa = PBXBuildFile; fileRef = 63EA4C3B172A01CA00DE0A97 /* EGOImageView.m */; settings = {COMPILER_FLAGS = "-fno-objc-arc"; }; };
		63EA4C47172A03BC00DE0A97 /* HWMGenericDataSource.m in Sources */ = {isa = PBXBuildFile; fileRef = 63EA4C46172A03BC00DE0A97 /* HWMGenericDataSource.m */; };
		63EA4C4A172A048200DE0A97 /* HWMFacebookDataSource.m in Sources */ = {isa = PBXBuildFile; fileRef = 63EA4C49172A048200DE0A97 /* HWMFacebookDataSource.m */; };
		63EA4C4C172A060300DE0A97 /* FriendCell.xib in Resources */ = {isa = PBXBuildFile; fileRef = 63EA4C4B172A060300DE0A97 /* FriendCell.xib */; };
		63EA4C4F172A0CCD00DE0A97 /* EGOCache.m in Sources */ = {isa = PBXBuildFile; fileRef = 63EA4C4E172A0CCD00DE0A97 /* EGOCache.m */; settings = {COMPILER_FLAGS = "-fno-objc-arc"; }; };
		63EA4C51172B1DE200DE0A97 /* HWMRightSectionHeader.xib in Resources */ = {isa = PBXBuildFile; fileRef = 63EA4C50172B1DE200DE0A97 /* HWMRightSectionHeader.xib */; };
		63EA4C55172B29D800DE0A97 /* HWMAddStoryViewController.m in Sources */ = {isa = PBXBuildFile; fileRef = 63EA4C53172B29D800DE0A97 /* HWMAddStoryViewController.m */; };
		63EA4C56172B29D800DE0A97 /* HWMAddStoryViewController.xib in Resources */ = {isa = PBXBuildFile; fileRef = 63EA4C54172B29D800DE0A97 /* HWMAddStoryViewController.xib */; };
		63EA4C59172B451800DE0A97 /* HWMStoryDataSource.m in Sources */ = {isa = PBXBuildFile; fileRef = 63EA4C58172B451800DE0A97 /* HWMStoryDataSource.m */; };
		63EA4C5B172B45D500DE0A97 /* HWMStoryCell.xib in Resources */ = {isa = PBXBuildFile; fileRef = 63EA4C5A172B45D500DE0A97 /* HWMStoryCell.xib */; };
		E7CC1AD8828546C2A55E7368 /* libPods.a in Frameworks */ = {isa = PBXBuildFile; fileRef = 65D109CE516D48BFA4C12AD0 /* libPods.a */; };
/* End PBXBuildFile section */

/* Begin PBXFileReference section */
		6335A92617261BC9007C1508 /* Parse.framework */ = {isa = PBXFileReference; lastKnownFileType = wrapper.framework; path = Parse.framework; sourceTree = "<group>"; };
		6335A92817261C14007C1508 /* AudioToolbox.framework */ = {isa = PBXFileReference; lastKnownFileType = wrapper.framework; name = AudioToolbox.framework; path = System/Library/Frameworks/AudioToolbox.framework; sourceTree = SDKROOT; };
		6335A92A17261C21007C1508 /* CFNetwork.framework */ = {isa = PBXFileReference; lastKnownFileType = wrapper.framework; name = CFNetwork.framework; path = System/Library/Frameworks/CFNetwork.framework; sourceTree = SDKROOT; };
		6335A92C17261C55007C1508 /* libz.1.1.3.dylib */ = {isa = PBXFileReference; lastKnownFileType = "compiled.mach-o.dylib"; name = libz.1.1.3.dylib; path = usr/lib/libz.1.1.3.dylib; sourceTree = SDKROOT; };
		6335A92E17261C63007C1508 /* MobileCoreServices.framework */ = {isa = PBXFileReference; lastKnownFileType = wrapper.framework; name = MobileCoreServices.framework; path = System/Library/Frameworks/MobileCoreServices.framework; sourceTree = SDKROOT; };
		6335A93017261C71007C1508 /* QuartzCore.framework */ = {isa = PBXFileReference; lastKnownFileType = wrapper.framework; name = QuartzCore.framework; path = System/Library/Frameworks/QuartzCore.framework; sourceTree = SDKROOT; };
		6335A93217261C82007C1508 /* Security.framework */ = {isa = PBXFileReference; lastKnownFileType = wrapper.framework; name = Security.framework; path = System/Library/Frameworks/Security.framework; sourceTree = SDKROOT; };
		6335A93417261C8C007C1508 /* StoreKit.framework */ = {isa = PBXFileReference; lastKnownFileType = wrapper.framework; name = StoreKit.framework; path = System/Library/Frameworks/StoreKit.framework; sourceTree = SDKROOT; };
		6335A93617261C9D007C1508 /* SystemConfiguration.framework */ = {isa = PBXFileReference; lastKnownFileType = wrapper.framework; name = SystemConfiguration.framework; path = System/Library/Frameworks/SystemConfiguration.framework; sourceTree = SDKROOT; };
		6335A93C17275666007C1508 /* iconSmall.png */ = {isa = PBXFileReference; lastKnownFileType = image.png; path = iconSmall.png; sourceTree = "<group>"; };
		6335A93E1727566E007C1508 /* iconBig.png */ = {isa = PBXFileReference; lastKnownFileType = image.png; path = iconBig.png; sourceTree = "<group>"; };
		638C5B211722BB8100A44D71 /* HowWeMet.app */ = {isa = PBXFileReference; explicitFileType = wrapper.application; includeInIndex = 0; path = HowWeMet.app; sourceTree = BUILT_PRODUCTS_DIR; };
		638C5B241722BB8100A44D71 /* UIKit.framework */ = {isa = PBXFileReference; lastKnownFileType = wrapper.framework; name = UIKit.framework; path = System/Library/Frameworks/UIKit.framework; sourceTree = SDKROOT; };
		638C5B261722BB8100A44D71 /* Foundation.framework */ = {isa = PBXFileReference; lastKnownFileType = wrapper.framework; name = Foundation.framework; path = System/Library/Frameworks/Foundation.framework; sourceTree = SDKROOT; };
		638C5B281722BB8100A44D71 /* CoreGraphics.framework */ = {isa = PBXFileReference; lastKnownFileType = wrapper.framework; name = CoreGraphics.framework; path = System/Library/Frameworks/CoreGraphics.framework; sourceTree = SDKROOT; };
		638C5B2C1722BB8100A44D71 /* HowWeMet-Info.plist */ = {isa = PBXFileReference; lastKnownFileType = text.plist.xml; path = "HowWeMet-Info.plist"; sourceTree = "<group>"; };
		638C5B2E1722BB8100A44D71 /* en */ = {isa = PBXFileReference; lastKnownFileType = text.plist.strings; name = en; path = en.lproj/InfoPlist.strings; sourceTree = "<group>"; };
		638C5B301722BB8100A44D71 /* main.m */ = {isa = PBXFileReference; lastKnownFileType = sourcecode.c.objc; path = main.m; sourceTree = "<group>"; };
		638C5B321722BB8100A44D71 /* HowWeMet-Prefix.pch */ = {isa = PBXFileReference; lastKnownFileType = sourcecode.c.h; path = "HowWeMet-Prefix.pch"; sourceTree = "<group>"; };
		638C5B331722BB8100A44D71 /* HWMAppDelegate.h */ = {isa = PBXFileReference; lastKnownFileType = sourcecode.c.h; path = HWMAppDelegate.h; sourceTree = "<group>"; };
		638C5B341722BB8100A44D71 /* HWMAppDelegate.m */ = {isa = PBXFileReference; lastKnownFileType = sourcecode.c.objc; path = HWMAppDelegate.m; sourceTree = "<group>"; };
		638C5B361722BB8100A44D71 /* Default.png */ = {isa = PBXFileReference; lastKnownFileType = image.png; path = Default.png; sourceTree = "<group>"; };
		638C5B381722BB8100A44D71 /* Default@2x.png */ = {isa = PBXFileReference; lastKnownFileType = image.png; path = "Default@2x.png"; sourceTree = "<group>"; };
		638C5B3A1722BB8100A44D71 /* Default-568h@2x.png */ = {isa = PBXFileReference; lastKnownFileType = image.png; path = "Default-568h@2x.png"; sourceTree = "<group>"; };
		638C5B3C1722BB8100A44D71 /* HWMViewController.h */ = {isa = PBXFileReference; lastKnownFileType = sourcecode.c.h; path = HWMViewController.h; sourceTree = "<group>"; };
		638C5B3D1722BB8100A44D71 /* HWMViewController.m */ = {isa = PBXFileReference; lastKnownFileType = sourcecode.c.objc; path = HWMViewController.m; sourceTree = "<group>"; };
		638C5B401722BB8100A44D71 /* en */ = {isa = PBXFileReference; lastKnownFileType = file.xib; name = en; path = en.lproj/HWMViewController.xib; sourceTree = "<group>"; };
		638C5B471722BBBA00A44D71 /* Social.framework */ = {isa = PBXFileReference; lastKnownFileType = wrapper.framework; name = Social.framework; path = System/Library/Frameworks/Social.framework; sourceTree = SDKROOT; };
		638C5B491722BBEA00A44D71 /* iAd.framework */ = {isa = PBXFileReference; lastKnownFileType = wrapper.framework; name = iAd.framework; path = System/Library/Frameworks/iAd.framework; sourceTree = SDKROOT; };
		638C5B4B1722BBF200A44D71 /* AdSupport.framework */ = {isa = PBXFileReference; lastKnownFileType = wrapper.framework; name = AdSupport.framework; path = System/Library/Frameworks/AdSupport.framework; sourceTree = SDKROOT; };
		638C5B4D1722BC0C00A44D71 /* CoreLocation.framework */ = {isa = PBXFileReference; lastKnownFileType = wrapper.framework; name = CoreLocation.framework; path = System/Library/Frameworks/CoreLocation.framework; sourceTree = SDKROOT; };
		63B2B8651723236D00264B63 /* HWMHomeViewController.h */ = {isa = PBXFileReference; fileEncoding = 4; lastKnownFileType = sourcecode.c.h; path = HWMHomeViewController.h; sourceTree = "<group>"; };
		63B2B8661723236D00264B63 /* HWMHomeViewController.m */ = {isa = PBXFileReference; fileEncoding = 4; lastKnownFileType = sourcecode.c.objc; path = HWMHomeViewController.m; sourceTree = "<group>"; };
		63B2B8671723236D00264B63 /* HWMHomeViewController.xib */ = {isa = PBXFileReference; fileEncoding = 4; lastKnownFileType = file.xib; path = HWMHomeViewController.xib; sourceTree = "<group>"; };
		63B2B86A172323D200264B63 /* HWMLeftViewController.h */ = {isa = PBXFileReference; fileEncoding = 4; lastKnownFileType = sourcecode.c.h; path = HWMLeftViewController.h; sourceTree = "<group>"; };
		63B2B86B172323D200264B63 /* HWMLeftViewController.m */ = {isa = PBXFileReference; fileEncoding = 4; lastKnownFileType = sourcecode.c.objc; path = HWMLeftViewController.m; sourceTree = "<group>"; };
		63B2B86C172323D200264B63 /* HWMLeftViewController.xib */ = {isa = PBXFileReference; fileEncoding = 4; lastKnownFileType = file.xib; path = HWMLeftViewController.xib; sourceTree = "<group>"; };
		63B2B86F172323DF00264B63 /* HWMRightViewController.h */ = {isa = PBXFileReference; fileEncoding = 4; lastKnownFileType = sourcecode.c.h; path = HWMRightViewController.h; sourceTree = "<group>"; };
		63B2B870172323DF00264B63 /* HWMRightViewController.m */ = {isa = PBXFileReference; fileEncoding = 4; lastKnownFileType = sourcecode.c.objc; path = HWMRightViewController.m; sourceTree = "<group>"; };
		63B2B871172323DF00264B63 /* HWMRightViewController.xib */ = {isa = PBXFileReference; fileEncoding = 4; lastKnownFileType = file.xib; path = HWMRightViewController.xib; sourceTree = "<group>"; };
		63B2B87417232D3F00264B63 /* CoreData.framework */ = {isa = PBXFileReference; lastKnownFileType = wrapper.framework; name = CoreData.framework; path = System/Library/Frameworks/CoreData.framework; sourceTree = SDKROOT; };
		63EA4C241728AFE900DE0A97 /* HowWeMetAPI.h */ = {isa = PBXFileReference; fileEncoding = 4; lastKnownFileType = sourcecode.c.h; path = HowWeMetAPI.h; sourceTree = "<group>"; };
		63EA4C251728AFE900DE0A97 /* HowWeMetAPI.m */ = {isa = PBXFileReference; fileEncoding = 4; lastKnownFileType = sourcecode.c.objc; path = HowWeMetAPI.m; sourceTree = "<group>"; };
		63EA4C281728C10D00DE0A97 /* HWMGrayButton.h */ = {isa = PBXFileReference; fileEncoding = 4; lastKnownFileType = sourcecode.c.h; path = HWMGrayButton.h; sourceTree = "<group>"; };
		63EA4C291728C10D00DE0A97 /* HWMGrayButton.m */ = {isa = PBXFileReference; fileEncoding = 4; lastKnownFileType = sourcecode.c.objc; path = HWMGrayButton.m; sourceTree = "<group>"; };
		63EA4C2B1728C40500DE0A97 /* bigGrayButton.png */ = {isa = PBXFileReference; lastKnownFileType = image.png; name = bigGrayButton.png; path = ../../bigGrayButton.png; sourceTree = "<group>"; };
		63EA4C2C1728C40500DE0A97 /* bigGrayButton@2x.png */ = {isa = PBXFileReference; lastKnownFileType = image.png; name = "bigGrayButton@2x.png"; path = "../../bigGrayButton@2x.png"; sourceTree = "<group>"; };
		63EA4C2F172A01C900DE0A97 /* DejalActivityView.h */ = {isa = PBXFileReference; fileEncoding = 4; lastKnownFileType = sourcecode.c.h; path = DejalActivityView.h; sourceTree = "<group>"; };
		63EA4C30172A01C900DE0A97 /* DejalActivityView.m */ = {isa = PBXFileReference; fileEncoding = 4; lastKnownFileType = sourcecode.c.objc; path = DejalActivityView.m; sourceTree = "<group>"; };
		63EA4C32172A01CA00DE0A97 /* EGOImageButton.h */ = {isa = PBXFileReference; fileEncoding = 4; lastKnownFileType = sourcecode.c.h; path = EGOImageButton.h; sourceTree = "<group>"; };
		63EA4C33172A01CA00DE0A97 /* EGOImageButton.m */ = {isa = PBXFileReference; fileEncoding = 4; lastKnownFileType = sourcecode.c.objc; path = EGOImageButton.m; sourceTree = "<group>"; };
		63EA4C35172A01CA00DE0A97 /* EGOImageLoadConnection.h */ = {isa = PBXFileReference; fileEncoding = 4; lastKnownFileType = sourcecode.c.h; path = EGOImageLoadConnection.h; sourceTree = "<group>"; };
		63EA4C36172A01CA00DE0A97 /* EGOImageLoadConnection.m */ = {isa = PBXFileReference; fileEncoding = 4; lastKnownFileType = sourcecode.c.objc; path = EGOImageLoadConnection.m; sourceTree = "<group>"; };
		63EA4C37172A01CA00DE0A97 /* EGOImageLoader.h */ = {isa = PBXFileReference; fileEncoding = 4; lastKnownFileType = sourcecode.c.h; path = EGOImageLoader.h; sourceTree = "<group>"; };
		63EA4C38172A01CA00DE0A97 /* EGOImageLoader.m */ = {isa = PBXFileReference; fileEncoding = 4; lastKnownFileType = sourcecode.c.objc; path = EGOImageLoader.m; sourceTree = "<group>"; };
		63EA4C3A172A01CA00DE0A97 /* EGOImageView.h */ = {isa = PBXFileReference; fileEncoding = 4; lastKnownFileType = sourcecode.c.h; path = EGOImageView.h; sourceTree = "<group>"; };
		63EA4C3B172A01CA00DE0A97 /* EGOImageView.m */ = {isa = PBXFileReference; fileEncoding = 4; lastKnownFileType = sourcecode.c.objc; path = EGOImageView.m; sourceTree = "<group>"; };
		63EA4C45172A03BC00DE0A97 /* HWMGenericDataSource.h */ = {isa = PBXFileReference; fileEncoding = 4; lastKnownFileType = sourcecode.c.h; path = HWMGenericDataSource.h; sourceTree = "<group>"; };
		63EA4C46172A03BC00DE0A97 /* HWMGenericDataSource.m */ = {isa = PBXFileReference; fileEncoding = 4; lastKnownFileType = sourcecode.c.objc; path = HWMGenericDataSource.m; sourceTree = "<group>"; };
		63EA4C48172A048200DE0A97 /* HWMFacebookDataSource.h */ = {isa = PBXFileReference; fileEncoding = 4; lastKnownFileType = sourcecode.c.h; path = HWMFacebookDataSource.h; sourceTree = "<group>"; };
		63EA4C49172A048200DE0A97 /* HWMFacebookDataSource.m */ = {isa = PBXFileReference; fileEncoding = 4; lastKnownFileType = sourcecode.c.objc; path = HWMFacebookDataSource.m; sourceTree = "<group>"; };
		63EA4C4B172A060300DE0A97 /* FriendCell.xib */ = {isa = PBXFileReference; fileEncoding = 4; lastKnownFileType = file.xib; path = FriendCell.xib; sourceTree = "<group>"; };
		63EA4C4D172A0CCD00DE0A97 /* EGOCache.h */ = {isa = PBXFileReference; fileEncoding = 4; lastKnownFileType = sourcecode.c.h; name = EGOCache.h; path = HowWeMet/EGOCache.h; sourceTree = "<group>"; };
		63EA4C4E172A0CCD00DE0A97 /* EGOCache.m */ = {isa = PBXFileReference; fileEncoding = 4; lastKnownFileType = sourcecode.c.objc; name = EGOCache.m; path = HowWeMet/EGOCache.m; sourceTree = "<group>"; };
		63EA4C50172B1DE200DE0A97 /* HWMRightSectionHeader.xib */ = {isa = PBXFileReference; fileEncoding = 4; lastKnownFileType = file.xib; path = HWMRightSectionHeader.xib; sourceTree = "<group>"; };
		63EA4C52172B29D700DE0A97 /* HWMAddStoryViewController.h */ = {isa = PBXFileReference; fileEncoding = 4; lastKnownFileType = sourcecode.c.h; path = HWMAddStoryViewController.h; sourceTree = "<group>"; };
		63EA4C53172B29D800DE0A97 /* HWMAddStoryViewController.m */ = {isa = PBXFileReference; fileEncoding = 4; lastKnownFileType = sourcecode.c.objc; path = HWMAddStoryViewController.m; sourceTree = "<group>"; };
		63EA4C54172B29D800DE0A97 /* HWMAddStoryViewController.xib */ = {isa = PBXFileReference; fileEncoding = 4; lastKnownFileType = file.xib; path = HWMAddStoryViewController.xib; sourceTree = "<group>"; };
		63EA4C57172B451800DE0A97 /* HWMStoryDataSource.h */ = {isa = PBXFileReference; fileEncoding = 4; lastKnownFileType = sourcecode.c.h; path = HWMStoryDataSource.h; sourceTree = "<group>"; };
		63EA4C58172B451800DE0A97 /* HWMStoryDataSource.m */ = {isa = PBXFileReference; fileEncoding = 4; lastKnownFileType = sourcecode.c.objc; path = HWMStoryDataSource.m; sourceTree = "<group>"; };
		63EA4C5A172B45D500DE0A97 /* HWMStoryCell.xib */ = {isa = PBXFileReference; fileEncoding = 4; lastKnownFileType = file.xib; path = HWMStoryCell.xib; sourceTree = "<group>"; };
		65D109CE516D48BFA4C12AD0 /* libPods.a */ = {isa = PBXFileReference; explicitFileType = archive.ar; includeInIndex = 0; path = libPods.a; sourceTree = BUILT_PRODUCTS_DIR; };
		CACD9BB5004C487297FA18FB /* Pods.xcconfig */ = {isa = PBXFileReference; includeInIndex = 1; lastKnownFileType = text.xcconfig; name = Pods.xcconfig; path = Pods/Pods.xcconfig; sourceTree = SOURCE_ROOT; };
/* End PBXFileReference section */

/* Begin PBXFrameworksBuildPhase section */
		638C5B1E1722BB8100A44D71 /* Frameworks */ = {
			isa = PBXFrameworksBuildPhase;
			buildActionMask = 2147483647;
			files = (
				6335A93717261C9D007C1508 /* SystemConfiguration.framework in Frameworks */,
				6335A93517261C8C007C1508 /* StoreKit.framework in Frameworks */,
				6335A93317261C82007C1508 /* Security.framework in Frameworks */,
				6335A93117261C71007C1508 /* QuartzCore.framework in Frameworks */,
				6335A92F17261C63007C1508 /* MobileCoreServices.framework in Frameworks */,
				6335A92D17261C55007C1508 /* libz.1.1.3.dylib in Frameworks */,
				638C5B291722BB8100A44D71 /* CoreGraphics.framework in Frameworks */,
				6335A92B17261C21007C1508 /* CFNetwork.framework in Frameworks */,
				6335A92917261C14007C1508 /* AudioToolbox.framework in Frameworks */,
				63B2B87517232D3F00264B63 /* CoreData.framework in Frameworks */,
				638C5B4E1722BC0C00A44D71 /* CoreLocation.framework in Frameworks */,
				638C5B4C1722BBF200A44D71 /* AdSupport.framework in Frameworks */,
				638C5B4A1722BBEA00A44D71 /* iAd.framework in Frameworks */,
				638C5B481722BBBA00A44D71 /* Social.framework in Frameworks */,
				638C5B251722BB8100A44D71 /* UIKit.framework in Frameworks */,
				638C5B271722BB8100A44D71 /* Foundation.framework in Frameworks */,
				E7CC1AD8828546C2A55E7368 /* libPods.a in Frameworks */,
				6335A92717261BC9007C1508 /* Parse.framework in Frameworks */,
			);
			runOnlyForDeploymentPostprocessing = 0;
		};
/* End PBXFrameworksBuildPhase section */

/* Begin PBXGroup section */
		638C5B181722BB8100A44D71 = {
			isa = PBXGroup;
			children = (
				63EA4C4D172A0CCD00DE0A97 /* EGOCache.h */,
				63EA4C4E172A0CCD00DE0A97 /* EGOCache.m */,
				6335A93E1727566E007C1508 /* iconBig.png */,
				6335A93C17275666007C1508 /* iconSmall.png */,
				638C5B2A1722BB8100A44D71 /* HowWeMet */,
				638C5B231722BB8100A44D71 /* Frameworks */,
				638C5B221722BB8100A44D71 /* Products */,
				CACD9BB5004C487297FA18FB /* Pods.xcconfig */,
			);
			sourceTree = "<group>";
		};
		638C5B221722BB8100A44D71 /* Products */ = {
			isa = PBXGroup;
			children = (
				638C5B211722BB8100A44D71 /* HowWeMet.app */,
			);
			name = Products;
			sourceTree = "<group>";
		};
		638C5B231722BB8100A44D71 /* Frameworks */ = {
			isa = PBXGroup;
			children = (
				6335A92A17261C21007C1508 /* CFNetwork.framework */,
				6335A92817261C14007C1508 /* AudioToolbox.framework */,
				6335A93617261C9D007C1508 /* SystemConfiguration.framework */,
				6335A93417261C8C007C1508 /* StoreKit.framework */,
				6335A93217261C82007C1508 /* Security.framework */,
				6335A93017261C71007C1508 /* QuartzCore.framework */,
				6335A92E17261C63007C1508 /* MobileCoreServices.framework */,
				6335A92C17261C55007C1508 /* libz.1.1.3.dylib */,
				6335A92617261BC9007C1508 /* Parse.framework */,
				63B2B87417232D3F00264B63 /* CoreData.framework */,
				638C5B4D1722BC0C00A44D71 /* CoreLocation.framework */,
				638C5B4B1722BBF200A44D71 /* AdSupport.framework */,
				638C5B491722BBEA00A44D71 /* iAd.framework */,
				638C5B471722BBBA00A44D71 /* Social.framework */,
				638C5B241722BB8100A44D71 /* UIKit.framework */,
				638C5B261722BB8100A44D71 /* Foundation.framework */,
				638C5B281722BB8100A44D71 /* CoreGraphics.framework */,
				65D109CE516D48BFA4C12AD0 /* libPods.a */,
			);
			name = Frameworks;
			sourceTree = "<group>";
		};
		638C5B2A1722BB8100A44D71 /* HowWeMet */ = {
			isa = PBXGroup;
			children = (
				638C5B331722BB8100A44D71 /* HWMAppDelegate.h */,
				638C5B341722BB8100A44D71 /* HWMAppDelegate.m */,
				63B2B86A172323D200264B63 /* HWMLeftViewController.h */,
				63B2B86B172323D200264B63 /* HWMLeftViewController.m */,
				63B2B86F172323DF00264B63 /* HWMRightViewController.h */,
				63B2B870172323DF00264B63 /* HWMRightViewController.m */,
				63B2B8651723236D00264B63 /* HWMHomeViewController.h */,
				63B2B8661723236D00264B63 /* HWMHomeViewController.m */,
				63EA4C241728AFE900DE0A97 /* HowWeMetAPI.h */,
				63EA4C251728AFE900DE0A97 /* HowWeMetAPI.m */,
				63EA4C281728C10D00DE0A97 /* HWMGrayButton.h */,
				63EA4C291728C10D00DE0A97 /* HWMGrayButton.m */,
				63EA4C2B1728C40500DE0A97 /* bigGrayButton.png */,
				63EA4C2C1728C40500DE0A97 /* bigGrayButton@2x.png */,
				638C5B3C1722BB8100A44D71 /* HWMViewController.h */,
				638C5B3D1722BB8100A44D71 /* HWMViewController.m */,
				63EA4C52172B29D700DE0A97 /* HWMAddStoryViewController.h */,
				63EA4C53172B29D800DE0A97 /* HWMAddStoryViewController.m */,
				63EA4C45172A03BC00DE0A97 /* HWMGenericDataSource.h */,
				63EA4C46172A03BC00DE0A97 /* HWMGenericDataSource.m */,
				63EA4C48172A048200DE0A97 /* HWMFacebookDataSource.h */,
				63EA4C49172A048200DE0A97 /* HWMFacebookDataSource.m */,
				63EA4C57172B451800DE0A97 /* HWMStoryDataSource.h */,
				63EA4C58172B451800DE0A97 /* HWMStoryDataSource.m */,
				63EA4C271728B68200DE0A97 /* Nibs */,
				638C5B2B1722BB8100A44D71 /* Supporting Files */,
			);
			path = HowWeMet;
			sourceTree = "<group>";
		};
		638C5B2B1722BB8100A44D71 /* Supporting Files */ = {
			isa = PBXGroup;
			children = (
				63EA4C2F172A01C900DE0A97 /* DejalActivityView.h */,
				63EA4C30172A01C900DE0A97 /* DejalActivityView.m */,
				63EA4C31172A01C900DE0A97 /* EGOImageButton */,
				63EA4C34172A01CA00DE0A97 /* EGOImageLoader */,
				63EA4C39172A01CA00DE0A97 /* EGOImageView */,
				638C5B2C1722BB8100A44D71 /* HowWeMet-Info.plist */,
				638C5B2D1722BB8100A44D71 /* InfoPlist.strings */,
				638C5B301722BB8100A44D71 /* main.m */,
				638C5B321722BB8100A44D71 /* HowWeMet-Prefix.pch */,
				638C5B361722BB8100A44D71 /* Default.png */,
				638C5B381722BB8100A44D71 /* Default@2x.png */,
				638C5B3A1722BB8100A44D71 /* Default-568h@2x.png */,
			);
			name = "Supporting Files";
			sourceTree = "<group>";
		};
		63EA4C271728B68200DE0A97 /* Nibs */ = {
			isa = PBXGroup;
			children = (
				63EA4C54172B29D800DE0A97 /* HWMAddStoryViewController.xib */,
				63B2B86C172323D200264B63 /* HWMLeftViewController.xib */,
				63B2B8671723236D00264B63 /* HWMHomeViewController.xib */,
				63B2B871172323DF00264B63 /* HWMRightViewController.xib */,
				638C5B3F1722BB8100A44D71 /* HWMViewController.xib */,
				63EA4C4B172A060300DE0A97 /* FriendCell.xib */,
				63EA4C50172B1DE200DE0A97 /* HWMRightSectionHeader.xib */,
				63EA4C5A172B45D500DE0A97 /* HWMStoryCell.xib */,
			);
			name = Nibs;
			sourceTree = "<group>";
		};
		63EA4C31172A01C900DE0A97 /* EGOImageButton */ = {
			isa = PBXGroup;
			children = (
				63EA4C32172A01CA00DE0A97 /* EGOImageButton.h */,
				63EA4C33172A01CA00DE0A97 /* EGOImageButton.m */,
			);
			path = EGOImageButton;
			sourceTree = "<group>";
		};
		63EA4C34172A01CA00DE0A97 /* EGOImageLoader */ = {
			isa = PBXGroup;
			children = (
				63EA4C35172A01CA00DE0A97 /* EGOImageLoadConnection.h */,
				63EA4C36172A01CA00DE0A97 /* EGOImageLoadConnection.m */,
				63EA4C37172A01CA00DE0A97 /* EGOImageLoader.h */,
				63EA4C38172A01CA00DE0A97 /* EGOImageLoader.m */,
			);
			path = EGOImageLoader;
			sourceTree = "<group>";
		};
		63EA4C39172A01CA00DE0A97 /* EGOImageView */ = {
			isa = PBXGroup;
			children = (
				63EA4C3A172A01CA00DE0A97 /* EGOImageView.h */,
				63EA4C3B172A01CA00DE0A97 /* EGOImageView.m */,
			);
			path = EGOImageView;
			sourceTree = "<group>";
		};
/* End PBXGroup section */

/* Begin PBXNativeTarget section */
		638C5B201722BB8100A44D71 /* HowWeMet */ = {
			isa = PBXNativeTarget;
			buildConfigurationList = 638C5B441722BB8100A44D71 /* Build configuration list for PBXNativeTarget "HowWeMet" */;
			buildPhases = (
				638C5B1D1722BB8100A44D71 /* Sources */,
				638C5B1E1722BB8100A44D71 /* Frameworks */,
				638C5B1F1722BB8100A44D71 /* Resources */,
				BCCE6AD7954A448DB3C586A3 /* Copy Pods Resources */,
			);
			buildRules = (
			);
			dependencies = (
			);
			name = HowWeMet;
			productName = HowWeMet;
			productReference = 638C5B211722BB8100A44D71 /* HowWeMet.app */;
			productType = "com.apple.product-type.application";
		};
/* End PBXNativeTarget section */

/* Begin PBXProject section */
		638C5B191722BB8100A44D71 /* Project object */ = {
			isa = PBXProject;
			attributes = {
				CLASSPREFIX = HWM;
				LastUpgradeCheck = 0460;
				ORGANIZATIONNAME = "Tyler Davis";
			};
			buildConfigurationList = 638C5B1C1722BB8100A44D71 /* Build configuration list for PBXProject "HowWeMet" */;
			compatibilityVersion = "Xcode 3.2";
			developmentRegion = English;
			hasScannedForEncodings = 0;
			knownRegions = (
				en,
			);
			mainGroup = 638C5B181722BB8100A44D71;
			productRefGroup = 638C5B221722BB8100A44D71 /* Products */;
			projectDirPath = "";
			projectRoot = "";
			targets = (
				638C5B201722BB8100A44D71 /* HowWeMet */,
			);
		};
/* End PBXProject section */

/* Begin PBXResourcesBuildPhase section */
		638C5B1F1722BB8100A44D71 /* Resources */ = {
			isa = PBXResourcesBuildPhase;
			buildActionMask = 2147483647;
			files = (
				638C5B2F1722BB8100A44D71 /* InfoPlist.strings in Resources */,
				638C5B371722BB8100A44D71 /* Default.png in Resources */,
				638C5B391722BB8100A44D71 /* Default@2x.png in Resources */,
				638C5B3B1722BB8100A44D71 /* Default-568h@2x.png in Resources */,
				638C5B411722BB8100A44D71 /* HWMViewController.xib in Resources */,
				63B2B8691723236D00264B63 /* HWMHomeViewController.xib in Resources */,
				63B2B86E172323D200264B63 /* HWMLeftViewController.xib in Resources */,
				63B2B873172323DF00264B63 /* HWMRightViewController.xib in Resources */,
				6335A93D17275666007C1508 /* iconSmall.png in Resources */,
				6335A93F1727566E007C1508 /* iconBig.png in Resources */,
				63EA4C2D1728C40500DE0A97 /* bigGrayButton.png in Resources */,
				63EA4C2E1728C40500DE0A97 /* bigGrayButton@2x.png in Resources */,
				63EA4C4C172A060300DE0A97 /* FriendCell.xib in Resources */,
				63EA4C51172B1DE200DE0A97 /* HWMRightSectionHeader.xib in Resources */,
				63EA4C56172B29D800DE0A97 /* HWMAddStoryViewController.xib in Resources */,
				63EA4C5B172B45D500DE0A97 /* HWMStoryCell.xib in Resources */,
			);
			runOnlyForDeploymentPostprocessing = 0;
		};
/* End PBXResourcesBuildPhase section */

/* Begin PBXShellScriptBuildPhase section */
		BCCE6AD7954A448DB3C586A3 /* Copy Pods Resources */ = {
			isa = PBXShellScriptBuildPhase;
			buildActionMask = 2147483647;
			files = (
			);
			inputPaths = (
			);
			name = "Copy Pods Resources";
			outputPaths = (
			);
			runOnlyForDeploymentPostprocessing = 0;
			shellPath = /bin/sh;
			shellScript = "\"${SRCROOT}/Pods/Pods-resources.sh\"\n";
		};
/* End PBXShellScriptBuildPhase section */

/* Begin PBXSourcesBuildPhase section */
		638C5B1D1722BB8100A44D71 /* Sources */ = {
			isa = PBXSourcesBuildPhase;
			buildActionMask = 2147483647;
			files = (
				638C5B311722BB8100A44D71 /* main.m in Sources */,
				638C5B351722BB8100A44D71 /* HWMAppDelegate.m in Sources */,
				638C5B3E1722BB8100A44D71 /* HWMViewController.m in Sources */,
				63B2B8681723236D00264B63 /* HWMHomeViewController.m in Sources */,
				63B2B86D172323D200264B63 /* HWMLeftViewController.m in Sources */,
				63B2B872172323DF00264B63 /* HWMRightViewController.m in Sources */,
				63EA4C261728AFE900DE0A97 /* HowWeMetAPI.m in Sources */,
				63EA4C2A1728C10D00DE0A97 /* HWMGrayButton.m in Sources */,
				63EA4C3C172A01CA00DE0A97 /* DejalActivityView.m in Sources */,
				63EA4C3D172A01CA00DE0A97 /* EGOImageButton.m in Sources */,
				63EA4C3E172A01CA00DE0A97 /* EGOImageLoadConnection.m in Sources */,
				63EA4C3F172A01CA00DE0A97 /* EGOImageLoader.m in Sources */,
				63EA4C40172A01CA00DE0A97 /* EGOImageView.m in Sources */,
				63EA4C47172A03BC00DE0A97 /* HWMGenericDataSource.m in Sources */,
				63EA4C4A172A048200DE0A97 /* HWMFacebookDataSource.m in Sources */,
				63EA4C4F172A0CCD00DE0A97 /* EGOCache.m in Sources */,
				63EA4C55172B29D800DE0A97 /* HWMAddStoryViewController.m in Sources */,
				63EA4C59172B451800DE0A97 /* HWMStoryDataSource.m in Sources */,
			);
			runOnlyForDeploymentPostprocessing = 0;
		};
/* End PBXSourcesBuildPhase section */

/* Begin PBXVariantGroup section */
		638C5B2D1722BB8100A44D71 /* InfoPlist.strings */ = {
			isa = PBXVariantGroup;
			children = (
				638C5B2E1722BB8100A44D71 /* en */,
			);
			name = InfoPlist.strings;
			sourceTree = "<group>";
		};
		638C5B3F1722BB8100A44D71 /* HWMViewController.xib */ = {
			isa = PBXVariantGroup;
			children = (
				638C5B401722BB8100A44D71 /* en */,
			);
			name = HWMViewController.xib;
			sourceTree = "<group>";
		};
/* End PBXVariantGroup section */

/* Begin XCBuildConfiguration section */
		638C5B421722BB8100A44D71 /* Debug */ = {
			isa = XCBuildConfiguration;
			buildSettings = {
				ALWAYS_SEARCH_USER_PATHS = NO;
				CLANG_CXX_LANGUAGE_STANDARD = "gnu++0x";
				CLANG_CXX_LIBRARY = "libc++";
				CLANG_ENABLE_OBJC_ARC = YES;
				CLANG_WARN_CONSTANT_CONVERSION = YES;
				CLANG_WARN_EMPTY_BODY = YES;
				CLANG_WARN_ENUM_CONVERSION = YES;
				CLANG_WARN_INT_CONVERSION = YES;
				CLANG_WARN__DUPLICATE_METHOD_MATCH = YES;
				"CODE_SIGN_IDENTITY[sdk=iphoneos*]" = "iPhone Developer";
				COPY_PHASE_STRIP = NO;
				GCC_C_LANGUAGE_STANDARD = gnu99;
				GCC_DYNAMIC_NO_PIC = NO;
				GCC_OPTIMIZATION_LEVEL = 0;
				GCC_PREPROCESSOR_DEFINITIONS = (
					"DEBUG=1",
					"$(inherited)",
				);
				GCC_SYMBOLS_PRIVATE_EXTERN = NO;
				GCC_WARN_ABOUT_RETURN_TYPE = YES;
				GCC_WARN_UNINITIALIZED_AUTOS = YES;
				GCC_WARN_UNUSED_VARIABLE = YES;
				IPHONEOS_DEPLOYMENT_TARGET = 6.1;
				ONLY_ACTIVE_ARCH = YES;
				SDKROOT = iphoneos;
			};
			name = Debug;
		};
		638C5B431722BB8100A44D71 /* Release */ = {
			isa = XCBuildConfiguration;
			buildSettings = {
				ALWAYS_SEARCH_USER_PATHS = NO;
				CLANG_CXX_LANGUAGE_STANDARD = "gnu++0x";
				CLANG_CXX_LIBRARY = "libc++";
				CLANG_ENABLE_OBJC_ARC = YES;
				CLANG_WARN_CONSTANT_CONVERSION = YES;
				CLANG_WARN_EMPTY_BODY = YES;
				CLANG_WARN_ENUM_CONVERSION = YES;
				CLANG_WARN_INT_CONVERSION = YES;
				CLANG_WARN__DUPLICATE_METHOD_MATCH = YES;
				"CODE_SIGN_IDENTITY[sdk=iphoneos*]" = "iPhone Developer";
				COPY_PHASE_STRIP = YES;
				GCC_C_LANGUAGE_STANDARD = gnu99;
				GCC_WARN_ABOUT_RETURN_TYPE = YES;
				GCC_WARN_UNINITIALIZED_AUTOS = YES;
				GCC_WARN_UNUSED_VARIABLE = YES;
				IPHONEOS_DEPLOYMENT_TARGET = 6.1;
				OTHER_CFLAGS = "-DNS_BLOCK_ASSERTIONS=1";
				SDKROOT = iphoneos;
				VALIDATE_PRODUCT = YES;
			};
			name = Release;
		};
		638C5B451722BB8100A44D71 /* Debug */ = {
			isa = XCBuildConfiguration;
			baseConfigurationReference = CACD9BB5004C487297FA18FB /* Pods.xcconfig */;
			buildSettings = {
				FRAMEWORK_SEARCH_PATHS = (
					"$(inherited)",
					"\"$(SRCROOT)\"",
				);
				GCC_PRECOMPILE_PREFIX_HEADER = YES;
				GCC_PREFIX_HEADER = "HowWeMet/HowWeMet-Prefix.pch";
				INFOPLIST_FILE = "HowWeMet/HowWeMet-Info.plist";
				IPHONEOS_DEPLOYMENT_TARGET = 5.0;
				PRODUCT_NAME = "$(TARGET_NAME)";
				WRAPPER_EXTENSION = app;
			};
			name = Debug;
		};
		638C5B461722BB8100A44D71 /* Release */ = {
			isa = XCBuildConfiguration;
			baseConfigurationReference = CACD9BB5004C487297FA18FB /* Pods.xcconfig */;
			buildSettings = {
				FRAMEWORK_SEARCH_PATHS = (
					"$(inherited)",
					"\"$(SRCROOT)\"",
				);
				GCC_PRECOMPILE_PREFIX_HEADER = YES;
				GCC_PREFIX_HEADER = "HowWeMet/HowWeMet-Prefix.pch";
				INFOPLIST_FILE = "HowWeMet/HowWeMet-Info.plist";
				IPHONEOS_DEPLOYMENT_TARGET = 5.0;
				PRODUCT_NAME = "$(TARGET_NAME)";
				WRAPPER_EXTENSION = app;
			};
			name = Release;
		};
/* End XCBuildConfiguration section */

/* Begin XCConfigurationList section */
		638C5B1C1722BB8100A44D71 /* Build configuration list for PBXProject "HowWeMet" */ = {
			isa = XCConfigurationList;
			buildConfigurations = (
				638C5B421722BB8100A44D71 /* Debug */,
				638C5B431722BB8100A44D71 /* Release */,
			);
			defaultConfigurationIsVisible = 0;
			defaultConfigurationName = Release;
		};
		638C5B441722BB8100A44D71 /* Build configuration list for PBXNativeTarget "HowWeMet" */ = {
			isa = XCConfigurationList;
			buildConfigurations = (
				638C5B451722BB8100A44D71 /* Debug */,
				638C5B461722BB8100A44D71 /* Release */,
			);
			defaultConfigurationIsVisible = 0;
			defaultConfigurationName = Release;
		};
/* End XCConfigurationList section */
	};
	rootObject = 638C5B191722BB8100A44D71 /* Project object */;
}
